
Microsoft Visual Studio Solution File, Format Version 12.00
# Visual Studio 15
VisualStudioVersion = 15.0.27004.2010
MinimumVisualStudioVersion = 10.0.40219.1
Project("{FAE04EC0-301F-11D3-BF4B-00C04F79EFBC}") = "AWServicioApi.APP", "AWServicioApi.APP\AWServicioApi.APP.csproj", "{B308B844-9F03-40ED-8356-7DF071996599}"
EndProject
Project("{FAE04EC0-301F-11D3-BF4B-00C04F79EFBC}") = "AWServicioApi.AD", "AWServicioApi.AD\AWServicioApi.AD.csproj", "{10180EDA-3608-449D-A8B1-E5D6506A5B95}"
EndProject
Project("{FAE04EC0-301F-11D3-BF4B-00C04F79EFBC}") = "WcfService", "WcfService\WcfService.csproj", "{8AF55CD8-0B35-4BCC-86F1-4701DED16AB1}"
EndProject
Global
	GlobalSection(SolutionConfigurationPlatforms) = preSolution
		Debug|Any CPU = Debug|Any CPU
		Release|Any CPU = Release|Any CPU
	EndGlobalSection
	GlobalSection(ProjectConfigurationPlatforms) = postSolution
		{B308B844-9F03-40ED-8356-7DF071996599}.Debug|Any CPU.ActiveCfg = Debug|Any CPU
		{B308B844-9F03-40ED-8356-7DF071996599}.Debug|Any CPU.Build.0 = Debug|Any CPU
		{B308B844-9F03-40ED-8356-7DF071996599}.Release|Any CPU.ActiveCfg = Release|Any CPU
		{B308B844-9F03-40ED-8356-7DF071996599}.Release|Any CPU.Build.0 = Release|Any CPU
		{10180EDA-3608-449D-A8B1-E5D6506A5B95}.Debug|Any CPU.ActiveCfg = Debug|Any CPU
		{10180EDA-3608-449D-A8B1-E5D6506A5B95}.Debug|Any CPU.Build.0 = Debug|Any CPU
		{10180EDA-3608-449D-A8B1-E5D6506A5B95}.Release|Any CPU.ActiveCfg = Release|Any CPU
		{10180EDA-3608-449D-A8B1-E5D6506A5B95}.Release|Any CPU.Build.0 = Release|Any CPU
		{8AF55CD8-0B35-4BCC-86F1-4701DED16AB1}.Debug|Any CPU.ActiveCfg = Debug|Any CPU
		{8AF55CD8-0B35-4BCC-86F1-4701DED16AB1}.Debug|Any CPU.Build.0 = Debug|Any CPU
		{8AF55CD8-0B35-4BCC-86F1-4701DED16AB1}.Release|Any CPU.ActiveCfg = Release|Any CPU
		{8AF55CD8-0B35-4BCC-86F1-4701DED16AB1}.Release|Any CPU.Build.0 = Release|Any CPU
	EndGlobalSection
	GlobalSection(SolutionProperties) = preSolution
		HideSolutionNode = FALSE
	EndGlobalSection
	GlobalSection(ExtensibilityGlobals) = postSolution
		SolutionGuid = {E08D8AAD-8CC0-442A-8110-15D524324F3D}
	EndGlobalSection
EndGlobal
